// !$*UTF8*$!
{
	archiveVersion = 1;
	classes = {
	};
	objectVersion = 52;
	objects = {

/* Begin PBXBuildFile section */
		5BAF9A86257E8930007609BD /* example_iosApp.swift in Sources */ = {isa = PBXBuildFile; fileRef = 5BAF9A85257E8930007609BD /* example_iosApp.swift */; };
		5BAF9A88257E8930007609BD /* ContentView.swift in Sources */ = {isa = PBXBuildFile; fileRef = 5BAF9A87257E8930007609BD /* ContentView.swift */; };
		5BAF9A8A257E8931007609BD /* Assets.xcassets in Resources */ = {isa = PBXBuildFile; fileRef = 5BAF9A89257E8931007609BD /* Assets.xcassets */; };
		5BAF9A8D257E8931007609BD /* Preview Assets.xcassets in Resources */ = {isa = PBXBuildFile; fileRef = 5BAF9A8C257E8931007609BD /* Preview Assets.xcassets */; };
		5BAF9A97257E8968007609BD /* EBRxTimer in Frameworks */ = {isa = PBXBuildFile; productRef = 5BAF9A96257E8968007609BD /* EBRxTimer */; };
		5BAF9A99257E8968007609BD /* EBRxTimer in Embed Frameworks */ = {isa = PBXBuildFile; productRef = 5BAF9A96257E8968007609BD /* EBRxTimer */; settings = {ATTRIBUTES = (CodeSignOnCopy, ); }; };
/* End PBXBuildFile section */

/* Begin PBXCopyFilesBuildPhase section */
		5BAF9A98257E8968007609BD /* Embed Frameworks */ = {
			isa = PBXCopyFilesBuildPhase;
			buildActionMask = 2147483647;
			dstPath = "";
			dstSubfolderSpec = 10;
			files = (
				5BAF9A99257E8968007609BD /* EBRxTimer in Embed Frameworks */,
			);
			name = "Embed Frameworks";
			runOnlyForDeploymentPostprocessing = 0;
		};
/* End PBXCopyFilesBuildPhase section */

/* Begin PBXFileReference section */
		5BAF9A82257E8930007609BD /* example-ios.app */ = {isa = PBXFileReference; explicitFileType = wrapper.application; includeInIndex = 0; path = "example-ios.app"; sourceTree = BUILT_PRODUCTS_DIR; };
		5BAF9A85257E8930007609BD /* example_iosApp.swift */ = {isa = PBXFileReference; lastKnownFileType = sourcecode.swift; path = example_iosApp.swift; sourceTree = "<group>"; };
		5BAF9A87257E8930007609BD /* ContentView.swift */ = {isa = PBXFileReference; lastKnownFileType = sourcecode.swift; path = ContentView.swift; sourceTree = "<group>"; };
		5BAF9A89257E8931007609BD /* Assets.xcassets */ = {isa = PBXFileReference; lastKnownFileType = folder.assetcatalog; path = Assets.xcassets; sourceTree = "<group>"; };
		5BAF9A8C257E8931007609BD /* Preview Assets.xcassets */ = {isa = PBXFileReference; lastKnownFileType = folder.assetcatalog; path = "Preview Assets.xcassets"; sourceTree = "<group>"; };
		5BAF9A8E257E8931007609BD /* Info.plist */ = {isa = PBXFileReference; lastKnownFileType = text.plist.xml; path = Info.plist; sourceTree = "<group>"; };
/* End PBXFileReference section */

/* Begin PBXFrameworksBuildPhase section */
		5BAF9A7F257E8930007609BD /* Frameworks */ = {
			isa = PBXFrameworksBuildPhase;
			buildActionMask = 2147483647;
			files = (
				5BAF9A97257E8968007609BD /* EBRxTimer in Frameworks */,
			);
			runOnlyForDeploymentPostprocessing = 0;
		};
/* End PBXFrameworksBuildPhase section */

/* Begin PBXGroup section */
		5BAF9A79257E8930007609BD = {
			isa = PBXGroup;
			children = (
				5BAF9A84257E8930007609BD /* example-ios */,
				5BAF9A83257E8930007609BD /* Products */,
				5BAF9A95257E8968007609BD /* Frameworks */,
			);
			sourceTree = "<group>";
		};
		5BAF9A83257E8930007609BD /* Products */ = {
			isa = PBXGroup;
			children = (
				5BAF9A82257E8930007609BD /* example-ios.app */,
			);
			name = Products;
			sourceTree = "<group>";
		};
		5BAF9A84257E8930007609BD /* example-ios */ = {
			isa = PBXGroup;
			children = (
				5BAF9A85257E8930007609BD /* example_iosApp.swift */,
				5BAF9A87257E8930007609BD /* ContentView.swift */,
				5BAF9A89257E8931007609BD /* Assets.xcassets */,
				5BAF9A8E257E8931007609BD /* Info.plist */,
				5BAF9A8B257E8931007609BD /* Preview Content */,
			);
			path = "example-ios";
			sourceTree = "<group>";
		};
		5BAF9A8B257E8931007609BD /* Preview Content */ = {
			isa = PBXGroup;
			children = (
				5BAF9A8C257E8931007609BD /* Preview Assets.xcassets */,
			);
			path = "Preview Content";
			sourceTree = "<group>";
		};
		5BAF9A95257E8968007609BD /* Frameworks */ = {
			isa = PBXGroup;
			children = (
			);
			name = Frameworks;
			sourceTree = "<group>";
		};
/* End PBXGroup section */

/* Begin PBXNativeTarget section */
		5BAF9A81257E8930007609BD /* example-ios */ = {
			isa = PBXNativeTarget;
			buildConfigurationList = 5BAF9A91257E8931007609BD /* Build configuration list for PBXNativeTarget "example-ios" */;
			buildPhases = (
				5BAF9A7E257E8930007609BD /* Sources */,
				5BAF9A7F257E8930007609BD /* Frameworks */,
				5BAF9A80257E8930007609BD /* Resources */,
				5BAF9A98257E8968007609BD /* Embed Frameworks */,
			);
			buildRules = (
			);
			dependencies = (
			);
			name = "example-ios";
			packageProductDependencies = (
				5BAF9A96257E8968007609BD /* EBRxTimer */,
			);
			productName = "example-ios";
			productReference = 5BAF9A82257E8930007609BD /* example-ios.app */;
			productType = "com.apple.product-type.application";
		};
/* End PBXNativeTarget section */

/* Begin PBXProject section */
		5BAF9A7A257E8930007609BD /* Project object */ = {
			isa = PBXProject;
			attributes = {
				LastSwiftUpdateCheck = 1220;
				LastUpgradeCheck = 1220;
				TargetAttributes = {
					5BAF9A81257E8930007609BD = {
						CreatedOnToolsVersion = 12.2;
					};
				};
			};
			buildConfigurationList = 5BAF9A7D257E8930007609BD /* Build configuration list for PBXProject "example-ios" */;
			compatibilityVersion = "Xcode 9.3";
			developmentRegion = en;
			hasScannedForEncodings = 0;
			knownRegions = (
				en,
				Base,
			);
			mainGroup = 5BAF9A79257E8930007609BD;
			productRefGroup = 5BAF9A83257E8930007609BD /* Products */;
			projectDirPath = "";
			projectRoot = "";
			targets = (
				5BAF9A81257E8930007609BD /* example-ios */,
			);
		};
/* End PBXProject section */

/* Begin PBXResourcesBuildPhase section */
		5BAF9A80257E8930007609BD /* Resources */ = {
			isa = PBXResourcesBuildPhase;
			buildActionMask = 2147483647;
			files = (
				5BAF9A8D257E8931007609BD /* Preview Assets.xcassets in Resources */,
				5BAF9A8A257E8931007609BD /* Assets.xcassets in Resources */,
			);
			runOnlyForDeploymentPostprocessing = 0;
		};
/* End PBXResourcesBuildPhase section */

/* Begin PBXSourcesBuildPhase section */
		5BAF9A7E257E8930007609BD /* Sources */ = {
			isa = PBXSourcesBuildPhase;
			buildActionMask = 2147483647;
			files = (
				5BAF9A88257E8930007609BD /* ContentView.swift in Sources */,
				5BAF9A86257E8930007609BD /* example_iosApp.swift in Sources */,
			);
			runOnlyForDeploymentPostprocessing = 0;
		};
/* End PBXSourcesBuildPhase section */

/* Begin XCBuildConfiguration section */
		5BAF9A8F257E8931007609BD /* Debug */ = {
			isa = XCBuildConfiguration;
			buildSettings = {
				ALWAYS_SEARCH_USER_PATHS = NO;
				CLANG_ANALYZER_NONNULL = YES;
				CLANG_ANALYZER_NUMBER_OBJECT_CONVERSION = YES_AGGRESSIVE;
				CLANG_CXX_LANGUAGE_STANDARD = "gnu++14";
				CLANG_CXX_LIBRARY = "libc++";
				CLANG_ENABLE_MODULES = YES;
				CLANG_ENABLE_OBJC_ARC = YES;
				CLANG_ENABLE_OBJC_WEAK = YES;
				CLANG_WARN_BLOCK_CAPTURE_AUTORELEASING = YES;
				CLANG_WARN_BOOL_CONVERSION = YES;
				CLANG_WARN_COMMA = YES;
				CLANG_WARN_CONSTANT_CONVERSION = YES;
				CLANG_WARN_DEPRECATED_OBJC_IMPLEMENTATIONS = YES;
				CLANG_WARN_DIRECT_OBJC_ISA_USAGE = YES_ERROR;
				CLANG_WARN_DOCUMENTATION_COMMENTS = YES;
				CLANG_WARN_EMPTY_BODY = YES;
				CLANG_WARN_ENUM_CONVERSION = YES;
				CLANG_WARN_INFINITE_RECURSION = YES;
				CLANG_WARN_INT_CONVERSION = YES;
				CLANG_WARN_NON_LITERAL_NULL_CONVERSION = YES;
				CLANG_WARN_OBJC_IMPLICIT_RETAIN_SELF = YES;
				CLANG_WARN_OBJC_LITERAL_CONVERSION = YES;
				CLANG_WARN_OBJC_ROOT_CLASS = YES_ERROR;
				CLANG_WARN_QUOTED_INCLUDE_IN_FRAMEWORK_HEADER = YES;
				CLANG_WARN_RANGE_LOOP_ANALYSIS = YES;
				CLANG_WARN_STRICT_PROTOTYPES = YES;
				CLANG_WARN_SUSPICIOUS_MOVE = YES;
				CLANG_WARN_UNGUARDED_AVAILABILITY = YES_AGGRESSIVE;
				CLANG_WARN_UNREACHABLE_CODE = YES;
				CLANG_WARN__DUPLICATE_METHOD_MATCH = YES;
				COPY_PHASE_STRIP = NO;
				DEBUG_INFORMATION_FORMAT = dwarf;
				ENABLE_STRICT_OBJC_MSGSEND = YES;
				ENABLE_TESTABILITY = YES;
				GCC_C_LANGUAGE_STANDARD = gnu11;
				GCC_DYNAMIC_NO_PIC = NO;
				GCC_NO_COMMON_BLOCKS = YES;
				GCC_OPTIMIZATION_LEVEL = 0;
				GCC_PREPROCESSOR_DEFINITIONS = (
					"DEBUG=1",
					"$(inherited)",
				);
				GCC_WARN_64_TO_32_BIT_CONVERSION = YES;
				GCC_WARN_ABOUT_RETURN_TYPE = YES_ERROR;
				GCC_WARN_UNDECLARED_SELECTOR = YES;
				GCC_WARN_UNINITIALIZED_AUTOS = YES_AGGRESSIVE;
				GCC_WARN_UNUSED_FUNCTION = YES;
				GCC_WARN_UNUSED_VARIABLE = YES;
				IPHONEOS_DEPLOYMENT_TARGET = 14.2;
				MTL_ENABLE_DEBUG_INFO = INCLUDE_SOURCE;
				MTL_FAST_MATH = YES;
				ONLY_ACTIVE_ARCH = YES;
				SDKROOT = iphoneos;
				SWIFT_ACTIVE_COMPILATION_CONDITIONS = DEBUG;
				SWIFT_OPTIMIZATION_LEVEL = "-Onone";
			};
			name = Debug;
		};
		5BAF9A90257E8931007609BD /* Release */ = {
			isa = XCBuildConfiguration;
			buildSettings = {
				ALWAYS_SEARCH_USER_PATHS = NO;
				CLANG_ANALYZER_NONNULL = YES;
				CLANG_ANALYZER_NUMBER_OBJECT_CONVERSION = YES_AGGRESSIVE;
				CLANG_CXX_LANGUAGE_STANDARD = "gnu++14";
				CLANG_CXX_LIBRARY = "libc++";
				CLANG_ENABLE_MODULES = YES;
				CLANG_ENABLE_OBJC_ARC = YES;
				CLANG_ENABLE_OBJC_WEAK = YES;
				CLANG_WARN_BLOCK_CAPTURE_AUTORELEASING = YES;
				CLANG_WARN_BOOL_CONVERSION = YES;
				CLANG_WARN_COMMA = YES;
				CLANG_WARN_CONSTANT_CONVERSION = YES;
				CLANG_WARN_DEPRECATED_OBJC_IMPLEMENTATIONS = YES;
				CLANG_WARN_DIRECT_OBJC_ISA_USAGE = YES_ERROR;
				CLANG_WARN_DOCUMENTATION_COMMENTS = YES;
				CLANG_WARN_EMPTY_BODY = YES;
				CLANG_WARN_ENUM_CONVERSION = YES;
				CLANG_WARN_INFINITE_RECURSION = YES;
				CLANG_WARN_INT_CONVERSION = YES;
				CLANG_WARN_NON_LITERAL_NULL_CONVERSION = YES;
				CLANG_WARN_OBJC_IMPLICIT_RETAIN_SELF = YES;
				CLANG_WARN_OBJC_LITERAL_CONVERSION = YES;
				CLANG_WARN_OBJC_ROOT_CLASS = YES_ERROR;
				CLANG_WARN_QUOTED_INCLUDE_IN_FRAMEWORK_HEADER = YES;
				CLANG_WARN_RANGE_LOOP_ANALYSIS = YES;
				CLANG_WARN_STRICT_PROTOTYPES = YES;
				CLANG_WARN_SUSPICIOUS_MOVE = YES;
				CLANG_WARN_UNGUARDED_AVAILABILITY = YES_AGGRESSIVE;
				CLANG_WARN_UNREACHABLE_CODE = YES;
				CLANG_WARN__DUPLICATE_METHOD_MATCH = YES;
				COPY_PHASE_STRIP = NO;
				DEBUG_INFORMATION_FORMAT = "dwarf-with-dsym";
				ENABLE_NS_ASSERTIONS = NO;
				ENABLE_STRICT_OBJC_MSGSEND = YES;
				GCC_C_LANGUAGE_STANDARD = gnu11;
				GCC_NO_COMMON_BLOCKS = YES;
				GCC_WARN_64_TO_32_BIT_CONVERSION = YES;
				GCC_WARN_ABOUT_RETURN_TYPE = YES_ERROR;
				GCC_WARN_UNDECLARED_SELECTOR = YES;
				GCC_WARN_UNINITIALIZED_AUTOS = YES_AGGRESSIVE;
				GCC_WARN_UNUSED_FUNCTION = YES;
				GCC_WARN_UNUSED_VARIABLE = YES;
				IPHONEOS_DEPLOYMENT_TARGET = 14.2;
				MTL_ENABLE_DEBUG_INFO = NO;
				MTL_FAST_MATH = YES;
				SDKROOT = iphoneos;
				SWIFT_COMPILATION_MODE = wholemodule;
				SWIFT_OPTIMIZATION_LEVEL = "-O";
				VALIDATE_PRODUCT = YES;
			};
			name = Release;
		};
		5BAF9A92257E8931007609BD /* Debug */ = {
			isa = XCBuildConfiguration;
			buildSettings = {
				ASSETCATALOG_COMPILER_APPICON_NAME = AppIcon;
				ASSETCATALOG_COMPILER_GLOBAL_ACCENT_COLOR_NAME = AccentColor;
				CODE_SIGN_STYLE = Automatic;
				DEVELOPMENT_ASSET_PATHS = "\"example-ios/Preview Content\"";
				DEVELOPMENT_TEAM = PCL488N9Z6;
				ENABLE_PREVIEWS = YES;
				INFOPLIST_FILE = "example-ios/Info.plist";
				IPHONEOS_DEPLOYMENT_TARGET = 14.0;
				LD_RUNPATH_SEARCH_PATHS = (
					"$(inherited)",
					"@executable_path/Frameworks",
				);
				PRODUCT_BUNDLE_IDENTIFIER = "xyz.113113.example-ios";
				PRODUCT_NAME = "$(TARGET_NAME)";
				SWIFT_VERSION = 5.0;
				TARGETED_DEVICE_FAMILY = "1,2";
			};
			name = Debug;
		};
		5BAF9A93257E8931007609BD /* Release */ = {
			isa = XCBuildConfiguration;
			buildSettings = {
				ASSETCATALOG_COMPILER_APPICON_NAME = AppIcon;
				ASSETCATALOG_COMPILER_GLOBAL_ACCENT_COLOR_NAME = AccentColor;
				CODE_SIGN_STYLE = Automatic;
				DEVELOPMENT_ASSET_PATHS = "\"example-ios/Preview Content\"";
				DEVELOPMENT_TEAM = PCL488N9Z6;
				ENABLE_PREVIEWS = YES;
				INFOPLIST_FILE = "example-ios/Info.plist";
				IPHONEOS_DEPLOYMENT_TARGET = 14.0;
				LD_RUNPATH_SEARCH_PATHS = (
					"$(inherited)",
					"@executable_path/Frameworks",
				);
				PRODUCT_BUNDLE_IDENTIFIER = "xyz.113113.example-ios";
				PRODUCT_NAME = "$(TARGET_NAME)";
				SWIFT_VERSION = 5.0;
				TARGETED_DEVICE_FAMILY = "1,2";
			};
			name = Release;
		};
/* End XCBuildConfiguration section */

/* Begin XCConfigurationList section */
		5BAF9A7D257E8930007609BD /* Build configuration list for PBXProject "example-ios" */ = {
			isa = XCConfigurationList;
			buildConfigurations = (
				5BAF9A8F257E8931007609BD /* Debug */,
				5BAF9A90257E8931007609BD /* Release */,
			);
			defaultConfigurationIsVisible = 0;
			defaultConfigurationName = Release;
		};
		5BAF9A91257E8931007609BD /* Build configuration list for PBXNativeTarget "example-ios" */ = {
			isa = XCConfigurationList;
			buildConfigurations = (
				5BAF9A92257E8931007609BD /* Debug */,
				5BAF9A93257E8931007609BD /* Release */,
			);
			defaultConfigurationIsVisible = 0;
			defaultConfigurationName = Release;
		};
/* End XCConfigurationList section */

/* Begin XCSwiftPackageProductDependency section */
		5BAF9A96257E8968007609BD /* EBRxTimer */ = {
			isa = XCSwiftPackageProductDependency;
			productName = EBRxTimer;
		};
/* End XCSwiftPackageProductDependency section */
	};
	rootObject = 5BAF9A7A257E8930007609BD /* Project object */;
}
